<?xml version="1.0" encoding="utf-8"?>
<Project ToolsVersion="4.0" xmlns="http://schemas.microsoft.com/developer/msbuild/2003">
  <ItemGroup>
    <Filter Include="ソース ファイル">
      <UniqueIdentifier>{4FC737F1-C7A5-4376-A066-2A32D752A2FF}</UniqueIdentifier>
      <Extensions>cpp;c;cc;cxx;def;odl;idl;hpj;bat;asm;asmx</Extensions>
    </Filter>
    <Filter Include="ヘッダー ファイル">
      <UniqueIdentifier>{93995380-89BD-4b04-88EB-625FBE52EBFB}</UniqueIdentifier>
      <Extensions>h;hh;hpp;hxx;hm;inl;inc;ipp;xsd</Extensions>
    </Filter>
    <Filter Include="リソース ファイル">
      <UniqueIdentifier>{67DA6AB6-F800-4c08-8B7A-83BB121AAD01}</UniqueIdentifier>
      <Extensions>rc;ico;cur;bmp;dlg;rc2;rct;bin;rgs;gif;jpg;jpeg;jpe;resx;tiff;tif;png;wav;mfcribbon-ms</Extensions>
    </Filter>
    <Filter Include="Main">
      <UniqueIdentifier>{74dfb46b-4864-4c14-b39c-5f58c2d4216c}</UniqueIdentifier>
    </Filter>
    <Filter Include="Lib">
      <UniqueIdentifier>{271588be-8520-4a98-8707-1e9d1a322f77}</UniqueIdentifier>
    </Filter>
    <Filter Include="Lib\DirectInput">
      <UniqueIdentifier>{aff7e019-2ea6-407e-ab32-780ecc59baa2}</UniqueIdentifier>
    </Filter>
    <Filter Include="Lib\Sound">
      <UniqueIdentifier>{df78c118-e1dc-418b-97ce-679835bca597}</UniqueIdentifier>
    </Filter>
    <Filter Include="Lib\Texture">
      <UniqueIdentifier>{dc97637f-ca51-46b7-b960-b8c568504312}</UniqueIdentifier>
    </Filter>
    <Filter Include="Lib\UV">
      <UniqueIdentifier>{83b756d0-9178-4a01-9815-d132f00738e1}</UniqueIdentifier>
    </Filter>
    <Filter Include="Lib\Window">
      <UniqueIdentifier>{14261c87-b50c-4611-9b1e-3ce13a6c5d6d}</UniqueIdentifier>
    </Filter>
    <Filter Include="DebugMode">
      <UniqueIdentifier>{a9e393dc-062e-4c39-b1ff-df6565f33dc4}</UniqueIdentifier>
    </Filter>
    <Filter Include="SetRenderStateFile">
      <UniqueIdentifier>{2fe48fbd-062d-4a0f-b2ba-077e94100d83}</UniqueIdentifier>
    </Filter>
    <Filter Include="LoadResource">
      <UniqueIdentifier>{073168f1-bd0a-4df5-94df-a408a56e6298}</UniqueIdentifier>
    </Filter>
    <Filter Include="Lib\DirectInput\KeyBoard">
      <UniqueIdentifier>{27bc3215-2921-46a2-810b-3023840ee6ac}</UniqueIdentifier>
    </Filter>
    <Filter Include="Lib\DirectInput\JoyStick">
      <UniqueIdentifier>{c020e69e-67fb-4523-8887-ed098158bc62}</UniqueIdentifier>
    </Filter>
    <Filter Include="Lib\FPS">
      <UniqueIdentifier>{5f960c64-2332-4d90-8810-b6106d5726a2}</UniqueIdentifier>
    </Filter>
    <Filter Include="Lib\D3DFont">
      <UniqueIdentifier>{6f068fc9-3e07-4730-a44a-d5cca174eabf}</UniqueIdentifier>
    </Filter>
    <Filter Include="Lib\Camera3D">
      <UniqueIdentifier>{a7afea72-7448-497a-984a-5df42746ab5c}</UniqueIdentifier>
    </Filter>
    <Filter Include="Lib\Light">
      <UniqueIdentifier>{c4aa8eab-250b-4499-8b15-bc255440572c}</UniqueIdentifier>
    </Filter>
    <Filter Include="Lib\D3DDefaultMesh">
      <UniqueIdentifier>{86633086-0731-4da0-9600-03a127ce4881}</UniqueIdentifier>
    </Filter>
    <Filter Include="Lib\XFile">
      <UniqueIdentifier>{cf58c9c6-6634-4546-9925-3c7441576c91}</UniqueIdentifier>
    </Filter>
    <Filter Include="Lib\Texture\TextureManager">
      <UniqueIdentifier>{c91ba9cc-09c1-4c0a-a4b7-1d0893aa60b4}</UniqueIdentifier>
    </Filter>
    <Filter Include="Lib\OBJFile">
      <UniqueIdentifier>{b7acf513-46d9-4210-968c-68fcacca6f45}</UniqueIdentifier>
    </Filter>
    <Filter Include="Lib\Graphics">
      <UniqueIdentifier>{329b68c6-8e99-4995-9b9f-ad1d5eea1e27}</UniqueIdentifier>
    </Filter>
    <Filter Include="Lib\Sprite">
      <UniqueIdentifier>{77a5bd4c-f82e-41f6-858c-f8d34a72b618}</UniqueIdentifier>
    </Filter>
    <Filter Include="Lib\Sprite\Sprite2DData">
      <UniqueIdentifier>{ab040a18-4bb4-44f2-82b8-3414d6835c52}</UniqueIdentifier>
    </Filter>
    <Filter Include="Lib\Sprite\Sprite3DData">
      <UniqueIdentifier>{7de90416-0e19-4a06-9d7c-f8e681f9ec68}</UniqueIdentifier>
    </Filter>
    <Filter Include="Lib\Lib">
      <UniqueIdentifier>{51017bc5-9b93-4e87-9d57-89a3c4c641f1}</UniqueIdentifier>
    </Filter>
    <Filter Include="Lib\VertexBuffer">
      <UniqueIdentifier>{0041be8d-7c3f-4517-b990-c199d2c08d01}</UniqueIdentifier>
    </Filter>
    <Filter Include="Lib\MeshCustomVertex">
      <UniqueIdentifier>{3a7ce534-60f8-46f9-89ba-b03910fc19a8}</UniqueIdentifier>
    </Filter>
    <Filter Include="Lib\Sprite\Sprite2DObject">
      <UniqueIdentifier>{a369b4db-5f1e-4a50-99e2-25456d2bf660}</UniqueIdentifier>
    </Filter>
    <Filter Include="Lib\Sprite\Sprite3DObject">
      <UniqueIdentifier>{aca2e92b-b3a5-441f-ad96-5642e2e39982}</UniqueIdentifier>
    </Filter>
    <Filter Include="Lib\Texture\TextureData">
      <UniqueIdentifier>{85fa624c-2030-4413-8fe4-62cb469cfed3}</UniqueIdentifier>
    </Filter>
    <Filter Include="Lib\Texture\XFileTextureData">
      <UniqueIdentifier>{aeb34382-0d76-4c21-81a0-44c96dd5a818}</UniqueIdentifier>
    </Filter>
    <Filter Include="Lib\Fbx">
      <UniqueIdentifier>{8f161d2a-7efc-49d8-8f4c-fe4c48404397}</UniqueIdentifier>
    </Filter>
  </ItemGroup>
  <ItemGroup>
    <ClCompile Include="Main\Main.cpp">
      <Filter>Main</Filter>
    </ClCompile>
    <ClCompile Include="Lib\DirectInput\DirectInput.cpp">
      <Filter>Lib\DirectInput</Filter>
    </ClCompile>
    <ClCompile Include="Lib\Sound\Sound.cpp">
      <Filter>Lib\Sound</Filter>
    </ClCompile>
    <ClCompile Include="Lib\Window\Window.cpp">
      <Filter>Lib\Window</Filter>
    </ClCompile>
    <ClCompile Include="LoadResource\LoadResource.cpp">
      <Filter>LoadResource</Filter>
    </ClCompile>
    <ClCompile Include="Lib\DirectInput\KeyBoard\KeyBoard.cpp">
      <Filter>Lib\DirectInput\KeyBoard</Filter>
    </ClCompile>
    <ClCompile Include="Lib\DirectInput\JoyStick\JoyStick.cpp">
      <Filter>Lib\DirectInput\JoyStick</Filter>
    </ClCompile>
    <ClCompile Include="Lib\FPS\FPS.cpp">
      <Filter>Lib\FPS</Filter>
    </ClCompile>
    <ClCompile Include="Lib\3D\XFile\XFile.cpp">
      <Filter>Lib\XFile</Filter>
    </ClCompile>
    <ClCompile Include="Lib\3D\Camera3D\Camera3D.cpp">
      <Filter>Lib\Camera3D</Filter>
    </ClCompile>
    <ClCompile Include="Lib\3D\D3DDefaultMesh\D3DDefaultMesh.cpp">
      <Filter>Lib\D3DDefaultMesh</Filter>
    </ClCompile>
    <ClCompile Include="Lib\3D\OBJ\OBJFile.cpp">
      <Filter>Lib\OBJFile</Filter>
    </ClCompile>
    <ClCompile Include="Lib\Texture\TextureManager\TextureManager.cpp">
      <Filter>Lib\Texture\TextureManager</Filter>
    </ClCompile>
    <ClCompile Include="Lib\3D\Light\Light.cpp">
      <Filter>Lib\Light</Filter>
    </ClCompile>
    <ClCompile Include="Lib\Graphics\Graphics.cpp">
      <Filter>Lib\Graphics</Filter>
    </ClCompile>
    <ClCompile Include="Lib\Lib\Lib.cpp">
      <Filter>Lib\Lib</Filter>
    </ClCompile>
    <ClCompile Include="Lib\3D\IndexBuffer\IndexBuffer.cpp">
      <Filter>ソース ファイル</Filter>
    </ClCompile>
    <ClCompile Include="Lib\3D\VertexBuffer\VertexBuffer.cpp">
      <Filter>Lib\VertexBuffer</Filter>
    </ClCompile>
    <ClCompile Include="Lib\3D\Fbx\FbxFile\Fbx.cpp">
      <Filter>Lib\Fbx</Filter>
    </ClCompile>
    <ClCompile Include="Debugger\Debugger.cpp">
      <Filter>DebugMode</Filter>
    </ClCompile>
    <ClCompile Include="Utility\Utility.cpp">
      <Filter>ソース ファイル</Filter>
    </ClCompile>
    <ClCompile Include="Lib\Uv\UvAnimation\UvAnimation.cpp">
      <Filter>ソース ファイル</Filter>
    </ClCompile>
    <ClCompile Include="Lib\Uv\UvBase\UvBase.cpp">
      <Filter>ソース ファイル</Filter>
    </ClCompile>
    <ClCompile Include="Lib\Sprite2D\Sprite2DParameter\Sprite2DParameter.cpp">
      <Filter>Lib\Sprite\Sprite2DData</Filter>
    </ClCompile>
    <ClCompile Include="Lib\3D\Sprite3D\Sprite3DParameter\Sprite3DParameter.cpp">
      <Filter>Lib\Sprite\Sprite3DData</Filter>
    </ClCompile>
    <ClCompile Include="Lib\Uv\AnimationParameter\AnimationParameter.cpp">
      <Filter>ソース ファイル</Filter>
    </ClCompile>
    <ClCompile Include="Lib\Uv\UvGauge\UvGauge.cpp">
      <Filter>ソース ファイル</Filter>
    </ClCompile>
    <ClCompile Include="Lib\UV\UvSlider\UvSlider.cpp">
      <Filter>ソース ファイル</Filter>
    </ClCompile>
    <ClCompile Include="Lib\3D\Model\Model.cpp">
      <Filter>ソース ファイル</Filter>
    </ClCompile>
    <ClCompile Include="Lib\3D\FBX\FbxSample.cpp">
      <Filter>ソース ファイル</Filter>
    </ClCompile>
    <ClCompile Include="Lib\3D\SkinCustomVertex\SkinCustomVertex.cpp">
      <Filter>ソース ファイル</Filter>
    </ClCompile>
    <ClCompile Include="Lib\EffectFileShader\DepthShadowEffectFile.cpp">
      <Filter>ソース ファイル</Filter>
    </ClCompile>
    <ClCompile Include="Lib\EffectFileShader\EffectFileBase.cpp">
      <Filter>ソース ファイル</Filter>
    </ClCompile>
    <ClCompile Include="Lib\EffectFileShader\VertexBlendEffectFile.cpp">
      <Filter>ソース ファイル</Filter>
    </ClCompile>
    <ClCompile Include="Lib\EffectFileShader\ZTexture.cpp">
      <Filter>ソース ファイル</Filter>
    </ClCompile>
    <ClCompile Include="Lib\EffectFileShader\VertexDeclation.cpp">
      <Filter>ソース ファイル</Filter>
    </ClCompile>
    <ClCompile Include="Scene\SceneBase\SceneBase.cpp">
      <Filter>ソース ファイル</Filter>
    </ClCompile>
    <ClCompile Include="Scene\TitleScene\TitleScene.cpp">
      <Filter>ソース ファイル</Filter>
    </ClCompile>
    <ClCompile Include="Scene\GameScene\GameScene.cpp">
      <Filter>ソース ファイル</Filter>
    </ClCompile>
    <ClCompile Include="Scene\EndScene\EndScene.cpp">
      <Filter>ソース ファイル</Filter>
    </ClCompile>
    <ClCompile Include="Scene\SceneManager\SceneManager.cpp">
      <Filter>ソース ファイル</Filter>
    </ClCompile>
    <ClCompile Include="ObjectSystem\ObjectManager\ObjectManager.cpp">
      <Filter>ソース ファイル</Filter>
    </ClCompile>
    <ClCompile Include="Lib\Sprite2D\Sprite2D\Sprite2DUser.cpp">
      <Filter>Lib\Sprite\Sprite2DObject</Filter>
    </ClCompile>
    <ClCompile Include="Lib\3D\Sprite3D\Sprite3D\Sprite3DUser.cpp">
      <Filter>Lib\Sprite\Sprite3DObject</Filter>
    </ClCompile>
    <ClCompile Include="RenderState\RenderState.cpp">
      <Filter>SetRenderStateFile</Filter>
    </ClCompile>
    <ClCompile Include="GameApp\Bullet\Bullet.cpp">
      <Filter>ソース ファイル</Filter>
    </ClCompile>
    <ClCompile Include="GameApp\Enemy\Enemy.cpp">
      <Filter>ソース ファイル</Filter>
    </ClCompile>
    <ClCompile Include="GameApp\Filed\Filed.cpp">
      <Filter>ソース ファイル</Filter>
    </ClCompile>
    <ClCompile Include="GameApp\Player\Player.cpp">
      <Filter>ソース ファイル</Filter>
    </ClCompile>
    <ClCompile Include="GameApp\Enemy\HomingBulletEnemy\HomingBulletEnemy.cpp">
      <Filter>ソース ファイル</Filter>
    </ClCompile>
    <ClCompile Include="GameApp\CharacterBase\CharacterBase.cpp">
      <Filter>ソース ファイル</Filter>
    </ClCompile>
    <ClCompile Include="ObjectSystem\Object3D\Object3D.cpp">
      <Filter>ソース ファイル</Filter>
    </ClCompile>
    <ClCompile Include="ObjectSystem\Object2D\Object2D.cpp">
      <Filter>ソース ファイル</Filter>
    </ClCompile>
    <ClCompile Include="Lib\D3DFont\D3DFont.cpp">
      <Filter>Lib\D3DFont</Filter>
    </ClCompile>
    <ClCompile Include="ObjectSystem\ObjectBase\ObjectBase.cpp">
      <Filter>ソース ファイル</Filter>
    </ClCompile>
    <ClCompile Include="ObjectSystem\ObjectFactory\ObjectFactory.cpp">
      <Filter>ソース ファイル</Filter>
    </ClCompile>
    <ClCompile Include="CollisionSystem\Collision\Collision.cpp">
      <Filter>ソース ファイル</Filter>
    </ClCompile>
    <ClCompile Include="CollisionSystem\CollisionManager\CollisionManager.cpp">
      <Filter>ソース ファイル</Filter>
    </ClCompile>
    <ClCompile Include="CollisionSystem\Shape\Shape3DBase\ShapeBase.cpp">
      <Filter>ソース ファイル</Filter>
    </ClCompile>
    <ClCompile Include="CollisionSystem\Shape\Sphere\Sphere.cpp">
      <Filter>ソース ファイル</Filter>
    </ClCompile>
    <ClCompile Include="ObjectSystem\FileObjectDataManager\FileObjectDataManager.cpp">
      <Filter>ソース ファイル</Filter>
    </ClCompile>
    <ClCompile Include="ObjectSystem\Object3DInterface\Object3DInterface.cpp">
      <Filter>ソース ファイル</Filter>
    </ClCompile>
  </ItemGroup>
  <ItemGroup>
    <ClInclude Include="Lib\DirectInput\DirectInput.h">
      <Filter>Lib\DirectInput</Filter>
    </ClInclude>
    <ClInclude Include="Lib\Sound\Sound.h">
      <Filter>Lib\Sound</Filter>
    </ClInclude>
    <ClInclude Include="Lib\Window\Window.h">
      <Filter>Lib\Window</Filter>
    </ClInclude>
    <ClInclude Include="LoadResource\LoadResource.h">
      <Filter>LoadResource</Filter>
    </ClInclude>
    <ClInclude Include="Lib\DirectInput\KeyBoard\KeyBoard.h">
      <Filter>Lib\DirectInput\KeyBoard</Filter>
    </ClInclude>
    <ClInclude Include="Lib\DirectInput\JoyStick\JoyStick.h">
      <Filter>Lib\DirectInput\JoyStick</Filter>
    </ClInclude>
    <ClInclude Include="Lib\FPS\FPS.h">
      <Filter>Lib\FPS</Filter>
    </ClInclude>
    <ClInclude Include="Lib\3D\XFile\XFile.h">
      <Filter>Lib\XFile</Filter>
    </ClInclude>
    <ClInclude Include="Lib\3D\Camera3D\Camera3D.h">
      <Filter>Lib\Camera3D</Filter>
    </ClInclude>
    <ClInclude Include="Lib\3D\D3DDefaultMesh\D3DDefaultMesh.h">
      <Filter>Lib\D3DDefaultMesh</Filter>
    </ClInclude>
    <ClInclude Include="Lib\3D\OBJ\OBJFile.h">
      <Filter>Lib\OBJFile</Filter>
    </ClInclude>
    <ClInclude Include="Lib\Texture\TextureManager\TextureManager.h">
      <Filter>Lib\Texture\TextureManager</Filter>
    </ClInclude>
    <ClInclude Include="Lib\3D\Light\Light.h">
      <Filter>Lib\Light</Filter>
    </ClInclude>
    <ClInclude Include="Lib\Graphics\Graphics.h">
      <Filter>Lib\Graphics</Filter>
    </ClInclude>
    <ClInclude Include="Lib\Lib\Lib.h">
      <Filter>Lib\Lib</Filter>
    </ClInclude>
    <ClInclude Include="Lib\3D\IndexBuffer\IndexBuffer.h">
      <Filter>ヘッダー ファイル</Filter>
    </ClInclude>
    <ClInclude Include="Lib\3D\VertexBuffer\VertexBuffer.h">
      <Filter>Lib\VertexBuffer</Filter>
    </ClInclude>
    <ClInclude Include="Lib\3D\Object3DCustomVertex\MeshCustomVertex.h">
      <Filter>Lib\MeshCustomVertex</Filter>
    </ClInclude>
    <ClInclude Include="Lib\Texture\TextureData2D\TextureData2D.h">
      <Filter>Lib\Texture\TextureData</Filter>
    </ClInclude>
    <ClInclude Include="Lib\Texture\TextureData3D\TextureData3D.h">
      <Filter>Lib\Texture\XFileTextureData</Filter>
    </ClInclude>
    <ClInclude Include="Lib\3D\Fbx\FbxFile\Fbx.h">
      <Filter>Lib\Fbx</Filter>
    </ClInclude>
    <ClInclude Include="Debugger\Debugger.h">
      <Filter>DebugMode</Filter>
    </ClInclude>
    <ClInclude Include="Utility\Utility.h">
      <Filter>ヘッダー ファイル</Filter>
    </ClInclude>
    <ClInclude Include="Lib\Vec3\Vec3.h">
      <Filter>ヘッダー ファイル</Filter>
    </ClInclude>
    <ClInclude Include="Lib\Vec2\Vec2.h">
      <Filter>ヘッダー ファイル</Filter>
    </ClInclude>
    <ClInclude Include="Lib\Uv\AnimationParameter\AnimationParameter.h">
      <Filter>ヘッダー ファイル</Filter>
    </ClInclude>
    <ClInclude Include="Lib\Uv\UvAnimation\UvAnimation.h">
      <Filter>ヘッダー ファイル</Filter>
    </ClInclude>
    <ClInclude Include="Lib\Uv\UvBase\UvBase.h">
      <Filter>ヘッダー ファイル</Filter>
    </ClInclude>
    <ClInclude Include="Lib\Uv\UvRect\UvRect.h">
      <Filter>ヘッダー ファイル</Filter>
    </ClInclude>
    <ClInclude Include="Lib\Sprite2D\Sprite2DParameter\Sprite2DParameter.h">
      <Filter>Lib\Sprite\Sprite2DData</Filter>
    </ClInclude>
    <ClInclude Include="Lib\3D\Sprite3D\Sprite3DParameter\Sprite3DParameter.h">
      <Filter>Lib\Sprite\Sprite3DData</Filter>
    </ClInclude>
    <ClInclude Include="Lib\Uv\UvGauge\UvGauge.h">
      <Filter>ヘッダー ファイル</Filter>
    </ClInclude>
    <ClInclude Include="Lib\UV\UvSlider\UvSlider.h">
      <Filter>ヘッダー ファイル</Filter>
    </ClInclude>
    <ClInclude Include="Lib\3D\Model\Model.h">
      <Filter>ヘッダー ファイル</Filter>
    </ClInclude>
    <ClInclude Include="Lib\3D\SkinCustomVertex\SkinCustomVertex.h">
      <Filter>ヘッダー ファイル</Filter>
    </ClInclude>
    <ClInclude Include="Lib\EffectFileShader\DepthShadowEffectFile.h">
      <Filter>ヘッダー ファイル</Filter>
    </ClInclude>
    <ClInclude Include="Lib\EffectFileShader\EffectFileBase.h">
      <Filter>ヘッダー ファイル</Filter>
    </ClInclude>
    <ClInclude Include="Lib\EffectFileShader\VertexBlendEffectFile.h">
      <Filter>ヘッダー ファイル</Filter>
    </ClInclude>
    <ClInclude Include="Lib\EffectFileShader\ZTexture.h">
      <Filter>ヘッダー ファイル</Filter>
    </ClInclude>
    <ClInclude Include="Lib\EffectFileShader\VertexDeclation.h">
      <Filter>ヘッダー ファイル</Filter>
    </ClInclude>
    <ClInclude Include="Scene\SceneBase\SceneBase.h">
      <Filter>ヘッダー ファイル</Filter>
    </ClInclude>
    <ClInclude Include="Scene\TitleScene\TitleScene.h">
      <Filter>ヘッダー ファイル</Filter>
    </ClInclude>
    <ClInclude Include="Scene\GameScene\GameScene.h">
      <Filter>ヘッダー ファイル</Filter>
    </ClInclude>
    <ClInclude Include="Scene\EndScene\EndScene.h">
      <Filter>ヘッダー ファイル</Filter>
    </ClInclude>
    <ClInclude Include="Scene\SceneManager\SceneManager.h">
      <Filter>ヘッダー ファイル</Filter>
    </ClInclude>
    <ClInclude Include="ObjectSystem\Object3D\Object3D.h">
      <Filter>ヘッダー ファイル</Filter>
    </ClInclude>
    <ClInclude Include="ObjectSystem\ObjectManager\ObjectManager.h">
      <Filter>ヘッダー ファイル</Filter>
    </ClInclude>
    <ClInclude Include="Lib\Sprite2D\Sprite2D\Sprite2DUser.h">
      <Filter>Lib\Sprite\Sprite2DObject</Filter>
    </ClInclude>
    <ClInclude Include="Lib\3D\Sprite3D\Sprite3D\Sprite3DUser.h">
      <Filter>Lib\Sprite\Sprite3DObject</Filter>
    </ClInclude>
    <ClInclude Include="RenderState\RenderState.h">
      <Filter>SetRenderStateFile</Filter>
    </ClInclude>
    <ClInclude Include="ObjectSystem\Object2D\Object2D.h">
      <Filter>ヘッダー ファイル</Filter>
    </ClInclude>
    <ClInclude Include="Lib\3D\Camera3D\CameraData.h">
      <Filter>ヘッダー ファイル</Filter>
    </ClInclude>
    <ClInclude Include="Lib\TransformData\TransformData.h">
      <Filter>ヘッダー ファイル</Filter>
    </ClInclude>
    <ClInclude Include="GameApp\Bullet\Bullet.h">
      <Filter>ヘッダー ファイル</Filter>
    </ClInclude>
    <ClInclude Include="GameApp\Enemy\Enemy.h">
      <Filter>ヘッダー ファイル</Filter>
    </ClInclude>
    <ClInclude Include="GameApp\Filed\Filed.h">
      <Filter>ヘッダー ファイル</Filter>
    </ClInclude>
    <ClInclude Include="GameApp\Player\Player.h">
      <Filter>ヘッダー ファイル</Filter>
    </ClInclude>
    <ClInclude Include="GameApp\GameConstant\GameConstant.h">
      <Filter>ヘッダー ファイル</Filter>
    </ClInclude>
    <ClInclude Include="GameApp\Enemy\EnemyBase\EnemyBase.h">
      <Filter>ヘッダー ファイル</Filter>
    </ClInclude>
    <ClInclude Include="GameApp\Enemy\HomingBulletEnemy\HomingBulletEnemy.h">
      <Filter>ヘッダー ファイル</Filter>
    </ClInclude>
    <ClInclude Include="GameApp\CharacterBase\CharacterBase.h">
      <Filter>ヘッダー ファイル</Filter>
    </ClInclude>
    <ClInclude Include="Lib\SingletonTemplate\SingletonTemplate.h">
      <Filter>ヘッダー ファイル</Filter>
    </ClInclude>
    <ClInclude Include="Lib\D3DFont\D3DFont.h">
      <Filter>Lib\D3DFont</Filter>
    </ClInclude>
    <ClInclude Include="ObjectSystem\ObjectBase\ObjectBase.h">
      <Filter>ヘッダー ファイル</Filter>
    </ClInclude>
    <ClInclude Include="ObjectSystem\ObjectFactory\ObjectFactory.h">
      <Filter>ヘッダー ファイル</Filter>
    </ClInclude>
    <ClInclude Include="CollisionSystem\Collision\Collision.h">
      <Filter>ヘッダー ファイル</Filter>
    </ClInclude>
    <ClInclude Include="CollisionSystem\CollisionManager\CollisionManager.h">
      <Filter>ヘッダー ファイル</Filter>
    </ClInclude>
    <ClInclude Include="CollisionSystem\CollisionObject3DBase\CollisionObject3DBase.h">
      <Filter>ヘッダー ファイル</Filter>
    </ClInclude>
    <ClInclude Include="CollisionSystem\Shape\Shape3DBase\ShapeBase.h">
      <Filter>ヘッダー ファイル</Filter>
    </ClInclude>
    <ClInclude Include="CollisionSystem\Shape\ShapeData\ShapeData.h">
      <Filter>ヘッダー ファイル</Filter>
    </ClInclude>
    <ClInclude Include="CollisionSystem\Shape\Sphere\Sphere.h">
      <Filter>ヘッダー ファイル</Filter>
    </ClInclude>
    <ClInclude Include="ObjectSystem\FileObjectDataManager\FileObjectDataManager.h">
      <Filter>ヘッダー ファイル</Filter>
    </ClInclude>
    <ClInclude Include="ObjectSystem\Object3DInterface\Object3DInterface.h">
      <Filter>ヘッダー ファイル</Filter>
    </ClInclude>
  </ItemGroup>
  <ItemGroup>
    <FxCompile Include="Lib\Shader\PixelShader.hlsl" />
    <FxCompile Include="DepthShadow.fx" />
    <FxCompile Include="ZTexture.fx" />
    <FxCompile Include="VertexBlend.hlsl" />
  </ItemGroup>
  <ItemGroup>
    <None Include="Lib\Shader\PosSheader.hlsli" />
  </ItemGroup>
</Project>